{
  "name": "@dan-du-car/my-npm-package",
  "version": "1.0.0",
  "lockfileVersion": 3,
  "requires": true,
  "packages": {
    "": {
      "name": "@dan-du-car/my-npm-package",
      "version": "1.0.0",
      "license": "ISC",
      "dependencies": {
        "@dan-du-car/my-npm-package": "^1.0.0"
      }
    },
    "node_modules/@dan-du-car/my-npm-package": {
      "version": "1.0.0",
      "resolved": "https://npm.pkg.github.com/download/@dan-du-car/my-npm-package/1.0.0/9b0c17a7d5f85269e536b96e8c70c7fd55db50df",
      "integrity": "sha512-4Rwp8BeRZ+oZVZYAzC09DXRR0Tvzyxgwpv5CXjndxIFgC9y2VXImr8oUds0tGNuRNAcE2QfrI6Sk1UPRlYaD8g==",
      "license": "ISC"
    }
  }
}
