{
  "name": "@dan-du-car/my-npm-package",
  "version": "1.0.4",
  "lockfileVersion": 3,
  "requires": true,
  "packages": {
    "": {
      "name": "@dan-du-car/my-npm-package",
      "version": "1.0.4",
      "license": "ISC",
      "dependencies": {
        "@dan-du-car/my-npm-package": "^1.0.4"
      }
    },
    "node_modules/@dan-du-car/my-npm-package": {
      "version": "1.0.4",
      "resolved": "https://npm.pkg.github.com/download/@dan-du-car/my-npm-package/1.0.4/8ccba59fb1f85543beef78840fcb4912bbcacc05",
      "integrity": "sha512-qag67fw95i4w2GgeVXOamJo9TLtAt5g0TmtlloocxpxrKJ5ThPWT4OWnCQ8S7Tp/dfcl/ziiJfXVuzeVmbaHHQ==",
      "license": "ISC"
    }
  }
}
